
Microsoft Visual Studio Solution File, Format Version 12.00
# Visual Studio Version 17
VisualStudioVersion = 17.4.33103.184
MinimumVisualStudioVersion = 10.0.40219.1
Project("{FAE04EC0-301F-11D3-BF4B-00C04F79EFBC}") = "EksamensprojektMedDatabaseAdgang", "EksamensprojektMedDatabaseAdgang.csproj", "{D9A21DA0-B433-44EC-8720-DA28C576E596}"
EndProject
Global
	GlobalSection(SolutionConfigurationPlatforms) = preSolution
		Debug|Any CPU = Debug|Any CPU
		Release|Any CPU = Release|Any CPU
	EndGlobalSection
	GlobalSection(ProjectConfigurationPlatforms) = postSolution
		{D9A21DA0-B433-44EC-8720-DA28C576E596}.Debug|Any CPU.ActiveCfg = Debug|Any CPU
		{D9A21DA0-B433-44EC-8720-DA28C576E596}.Debug|Any CPU.Build.0 = Debug|Any CPU
		{D9A21DA0-B433-44EC-8720-DA28C576E596}.Release|Any CPU.ActiveCfg = Release|Any CPU
		{D9A21DA0-B433-44EC-8720-DA28C576E596}.Release|Any CPU.Build.0 = Release|Any CPU
	EndGlobalSection
	GlobalSection(SolutionProperties) = preSolution
		HideSolutionNode = FALSE
	EndGlobalSection
	GlobalSection(ExtensibilityGlobals) = postSolution
		SolutionGuid = {B3D85BCF-EF37-4F32-A404-49D46A8BCAA9}
	EndGlobalSection
EndGlobal
